
Microsoft Visual Studio Solution File, Format Version 12.00
# Visual Studio Version 17
VisualStudioVersion = 17.14.36915.13 d17.14
MinimumVisualStudioVersion = 10.0.40219.1
Project("{FAE04EC0-301F-11D3-BF4B-00C04F79EFBC}") = "Topic 1-6 Mini Summitive Dice Game", "Topic 1-6 Mini Summitive Dice Game\Topic 1-6 Mini Summitive Dice Game.csproj", "{94A8DE97-F35A-4EA5-AAF6-F843B5DB5D66}"
EndProject
Global
	GlobalSection(SolutionConfigurationPlatforms) = preSolution
		Debug|Any CPU = Debug|Any CPU
		Release|Any CPU = Release|Any CPU
	EndGlobalSection
	GlobalSection(ProjectConfigurationPlatforms) = postSolution
		{94A8DE97-F35A-4EA5-AAF6-F843B5DB5D66}.Debug|Any CPU.ActiveCfg = Debug|Any CPU
		{94A8DE97-F35A-4EA5-AAF6-F843B5DB5D66}.Debug|Any CPU.Build.0 = Debug|Any CPU
		{94A8DE97-F35A-4EA5-AAF6-F843B5DB5D66}.Release|Any CPU.ActiveCfg = Release|Any CPU
		{94A8DE97-F35A-4EA5-AAF6-F843B5DB5D66}.Release|Any CPU.Build.0 = Release|Any CPU
	EndGlobalSection
	GlobalSection(SolutionProperties) = preSolution
		HideSolutionNode = FALSE
	EndGlobalSection
	GlobalSection(ExtensibilityGlobals) = postSolution
		SolutionGuid = {7CE39C43-C1F2-455C-B323-1C458EAF9E0D}
	EndGlobalSection
EndGlobal
